// !$*UTF8*$!
{
	archiveVersion = 1;
	classes = {
	};
	objectVersion = 46;
	objects = {

/* Begin PBXBuildFile section */
		22C37611193E0B78006A4AFC /* Foundation.framework in Frameworks */ = {isa = PBXBuildFile; fileRef = 22C37610193E0B78006A4AFC /* Foundation.framework */; };
		22C37613193E0B78006A4AFC /* CoreGraphics.framework in Frameworks */ = {isa = PBXBuildFile; fileRef = 22C37612193E0B78006A4AFC /* CoreGraphics.framework */; };
		22C37615193E0B78006A4AFC /* UIKit.framework in Frameworks */ = {isa = PBXBuildFile; fileRef = 22C37614193E0B78006A4AFC /* UIKit.framework */; };
		22C37617193E0B78006A4AFC /* SpriteKit.framework in Frameworks */ = {isa = PBXBuildFile; fileRef = 22C37616193E0B78006A4AFC /* SpriteKit.framework */; };
		22C3761D193E0B78006A4AFC /* InfoPlist.strings in Resources */ = {isa = PBXBuildFile; fileRef = 22C3761B193E0B78006A4AFC /* InfoPlist.strings */; };
		22C3761F193E0B78006A4AFC /* main.m in Sources */ = {isa = PBXBuildFile; fileRef = 22C3761E193E0B78006A4AFC /* main.m */; };
		22C37623193E0B78006A4AFC /* AppDelegate.m in Sources */ = {isa = PBXBuildFile; fileRef = 22C37622193E0B78006A4AFC /* AppDelegate.m */; };
		22C37626193E0B78006A4AFC /* Main_iPhone.storyboard in Resources */ = {isa = PBXBuildFile; fileRef = 22C37624193E0B78006A4AFC /* Main_iPhone.storyboard */; };
		22C37629193E0B79006A4AFC /* Main_iPad.storyboard in Resources */ = {isa = PBXBuildFile; fileRef = 22C37627193E0B79006A4AFC /* Main_iPad.storyboard */; };
		22C3762C193E0B79006A4AFC /* ViewController.m in Sources */ = {isa = PBXBuildFile; fileRef = 22C3762B193E0B79006A4AFC /* ViewController.m */; };
		22C3762F193E0B79006A4AFC /* MyScene.m in Sources */ = {isa = PBXBuildFile; fileRef = 22C3762E193E0B79006A4AFC /* MyScene.m */; };
		22C37631193E0B79006A4AFC /* Spaceship.png in Resources */ = {isa = PBXBuildFile; fileRef = 22C37630193E0B79006A4AFC /* Spaceship.png */; };
		22C37633193E0B79006A4AFC /* Images.xcassets in Resources */ = {isa = PBXBuildFile; fileRef = 22C37632193E0B79006A4AFC /* Images.xcassets */; };
		22C3763A193E0B79006A4AFC /* XCTest.framework in Frameworks */ = {isa = PBXBuildFile; fileRef = 22C37639193E0B79006A4AFC /* XCTest.framework */; };
		22C3763B193E0B79006A4AFC /* Foundation.framework in Frameworks */ = {isa = PBXBuildFile; fileRef = 22C37610193E0B78006A4AFC /* Foundation.framework */; };
		22C3763C193E0B79006A4AFC /* UIKit.framework in Frameworks */ = {isa = PBXBuildFile; fileRef = 22C37614193E0B78006A4AFC /* UIKit.framework */; };
		22C37644193E0B79006A4AFC /* InfoPlist.strings in Resources */ = {isa = PBXBuildFile; fileRef = 22C37642193E0B79006A4AFC /* InfoPlist.strings */; };
		22C37646193E0B79006A4AFC /* SpaceGameTests.m in Sources */ = {isa = PBXBuildFile; fileRef = 22C37645193E0B79006A4AFC /* SpaceGameTests.m */; };
/* End PBXBuildFile section */

/* Begin PBXContainerItemProxy section */
		22C3763D193E0B79006A4AFC /* PBXContainerItemProxy */ = {
			isa = PBXContainerItemProxy;
			containerPortal = 22C37605193E0B78006A4AFC /* Project object */;
			proxyType = 1;
			remoteGlobalIDString = 22C3760C193E0B78006A4AFC;
			remoteInfo = SpaceGame;
		};
/* End PBXContainerItemProxy section */

/* Begin PBXFileReference section */
		22C3760D193E0B78006A4AFC /* SpaceGame.app */ = {isa = PBXFileReference; explicitFileType = wrapper.application; includeInIndex = 0; path = SpaceGame.app; sourceTree = BUILT_PRODUCTS_DIR; };
		22C37610193E0B78006A4AFC /* Foundation.framework */ = {isa = PBXFileReference; lastKnownFileType = wrapper.framework; name = Foundation.framework; path = System/Library/Frameworks/Foundation.framework; sourceTree = SDKROOT; };
		22C37612193E0B78006A4AFC /* CoreGraphics.framework */ = {isa = PBXFileReference; lastKnownFileType = wrapper.framework; name = CoreGraphics.framework; path = System/Library/Frameworks/CoreGraphics.framework; sourceTree = SDKROOT; };
		22C37614193E0B78006A4AFC /* UIKit.framework */ = {isa = PBXFileReference; lastKnownFileType = wrapper.framework; name = UIKit.framework; path = System/Library/Frameworks/UIKit.framework; sourceTree = SDKROOT; };
		22C37616193E0B78006A4AFC /* SpriteKit.framework */ = {isa = PBXFileReference; lastKnownFileType = wrapper.framework; name = SpriteKit.framework; path = System/Library/Frameworks/SpriteKit.framework; sourceTree = SDKROOT; };
		22C3761A193E0B78006A4AFC /* SpaceGame-Info.plist */ = {isa = PBXFileReference; lastKnownFileType = text.plist.xml; path = "SpaceGame-Info.plist"; sourceTree = "<group>"; };
		22C3761C193E0B78006A4AFC /* en */ = {isa = PBXFileReference; lastKnownFileType = text.plist.strings; name = en; path = en.lproj/InfoPlist.strings; sourceTree = "<group>"; };
		22C3761E193E0B78006A4AFC /* main.m */ = {isa = PBXFileReference; lastKnownFileType = sourcecode.c.objc; path = main.m; sourceTree = "<group>"; };
		22C37620193E0B78006A4AFC /* SpaceGame-Prefix.pch */ = {isa = PBXFileReference; lastKnownFileType = sourcecode.c.h; path = "SpaceGame-Prefix.pch"; sourceTree = "<group>"; };
		22C37621193E0B78006A4AFC /* AppDelegate.h */ = {isa = PBXFileReference; lastKnownFileType = sourcecode.c.h; path = AppDelegate.h; sourceTree = "<group>"; };
		22C37622193E0B78006A4AFC /* AppDelegate.m */ = {isa = PBXFileReference; lastKnownFileType = sourcecode.c.objc; path = AppDelegate.m; sourceTree = "<group>"; };
		22C37625193E0B78006A4AFC /* Base */ = {isa = PBXFileReference; lastKnownFileType = file.storyboard; name = Base; path = Base.lproj/Main_iPhone.storyboard; sourceTree = "<group>"; };
		22C37628193E0B79006A4AFC /* Base */ = {isa = PBXFileReference; lastKnownFileType = file.storyboard; name = Base; path = Base.lproj/Main_iPad.storyboard; sourceTree = "<group>"; };
		22C3762A193E0B79006A4AFC /* ViewController.h */ = {isa = PBXFileReference; lastKnownFileType = sourcecode.c.h; path = ViewController.h; sourceTree = "<group>"; };
		22C3762B193E0B79006A4AFC /* ViewController.m */ = {isa = PBXFileReference; lastKnownFileType = sourcecode.c.objc; path = ViewController.m; sourceTree = "<group>"; };
		22C3762D193E0B79006A4AFC /* MyScene.h */ = {isa = PBXFileReference; lastKnownFileType = sourcecode.c.h; path = MyScene.h; sourceTree = "<group>"; };
		22C3762E193E0B79006A4AFC /* MyScene.m */ = {isa = PBXFileReference; lastKnownFileType = sourcecode.c.objc; path = MyScene.m; sourceTree = "<group>"; };
		22C37630193E0B79006A4AFC /* Spaceship.png */ = {isa = PBXFileReference; lastKnownFileType = image.png; path = Spaceship.png; sourceTree = "<group>"; };
		22C37632193E0B79006A4AFC /* Images.xcassets */ = {isa = PBXFileReference; lastKnownFileType = folder.assetcatalog; path = Images.xcassets; sourceTree = "<group>"; };
		22C37638193E0B79006A4AFC /* SpaceGameTests.xctest */ = {isa = PBXFileReference; explicitFileType = wrapper.cfbundle; includeInIndex = 0; path = SpaceGameTests.xctest; sourceTree = BUILT_PRODUCTS_DIR; };
		22C37639193E0B79006A4AFC /* XCTest.framework */ = {isa = PBXFileReference; lastKnownFileType = wrapper.framework; name = XCTest.framework; path = Library/Frameworks/XCTest.framework; sourceTree = DEVELOPER_DIR; };
		22C37641193E0B79006A4AFC /* SpaceGameTests-Info.plist */ = {isa = PBXFileReference; lastKnownFileType = text.plist.xml; path = "SpaceGameTests-Info.plist"; sourceTree = "<group>"; };
		22C37643193E0B79006A4AFC /* en */ = {isa = PBXFileReference; lastKnownFileType = text.plist.strings; name = en; path = en.lproj/InfoPlist.strings; sourceTree = "<group>"; };
		22C37645193E0B79006A4AFC /* SpaceGameTests.m */ = {isa = PBXFileReference; lastKnownFileType = sourcecode.c.objc; path = SpaceGameTests.m; sourceTree = "<group>"; };
/* End PBXFileReference section */

/* Begin PBXFrameworksBuildPhase section */
		22C3760A193E0B78006A4AFC /* Frameworks */ = {
			isa = PBXFrameworksBuildPhase;
			buildActionMask = 2147483647;
			files = (
				22C37613193E0B78006A4AFC /* CoreGraphics.framework in Frameworks */,
				22C37615193E0B78006A4AFC /* UIKit.framework in Frameworks */,
				22C37617193E0B78006A4AFC /* SpriteKit.framework in Frameworks */,
				22C37611193E0B78006A4AFC /* Foundation.framework in Frameworks */,
			);
			runOnlyForDeploymentPostprocessing = 0;
		};
		22C37635193E0B79006A4AFC /* Frameworks */ = {
			isa = PBXFrameworksBuildPhase;
			buildActionMask = 2147483647;
			files = (
				22C3763A193E0B79006A4AFC /* XCTest.framework in Frameworks */,
				22C3763C193E0B79006A4AFC /* UIKit.framework in Frameworks */,
				22C3763B193E0B79006A4AFC /* Foundation.framework in Frameworks */,
			);
			runOnlyForDeploymentPostprocessing = 0;
		};
/* End PBXFrameworksBuildPhase section */

/* Begin PBXGroup section */
		22C37604193E0B78006A4AFC = {
			isa = PBXGroup;
			children = (
				22C37618193E0B78006A4AFC /* SpaceGame */,
				22C3763F193E0B79006A4AFC /* SpaceGameTests */,
				22C3760F193E0B78006A4AFC /* Frameworks */,
				22C3760E193E0B78006A4AFC /* Products */,
			);
			sourceTree = "<group>";
		};
		22C3760E193E0B78006A4AFC /* Products */ = {
			isa = PBXGroup;
			children = (
				22C3760D193E0B78006A4AFC /* SpaceGame.app */,
				22C37638193E0B79006A4AFC /* SpaceGameTests.xctest */,
			);
			name = Products;
			sourceTree = "<group>";
		};
		22C3760F193E0B78006A4AFC /* Frameworks */ = {
			isa = PBXGroup;
			children = (
				22C37610193E0B78006A4AFC /* Foundation.framework */,
				22C37612193E0B78006A4AFC /* CoreGraphics.framework */,
				22C37614193E0B78006A4AFC /* UIKit.framework */,
				22C37616193E0B78006A4AFC /* SpriteKit.framework */,
				22C37639193E0B79006A4AFC /* XCTest.framework */,
			);
			name = Frameworks;
			sourceTree = "<group>";
		};
		22C37618193E0B78006A4AFC /* SpaceGame */ = {
			isa = PBXGroup;
			children = (
				22C37621193E0B78006A4AFC /* AppDelegate.h */,
				22C37622193E0B78006A4AFC /* AppDelegate.m */,
				22C37624193E0B78006A4AFC /* Main_iPhone.storyboard */,
				22C37627193E0B79006A4AFC /* Main_iPad.storyboard */,
				22C3762A193E0B79006A4AFC /* ViewController.h */,
				22C3762B193E0B79006A4AFC /* ViewController.m */,
				22C3762D193E0B79006A4AFC /* MyScene.h */,
				22C3762E193E0B79006A4AFC /* MyScene.m */,
				22C37630193E0B79006A4AFC /* Spaceship.png */,
				22C37632193E0B79006A4AFC /* Images.xcassets */,
				22C37619193E0B78006A4AFC /* Supporting Files */,
			);
			path = SpaceGame;
			sourceTree = "<group>";
		};
		22C37619193E0B78006A4AFC /* Supporting Files */ = {
			isa = PBXGroup;
			children = (
				22C3761A193E0B78006A4AFC /* SpaceGame-Info.plist */,
				22C3761B193E0B78006A4AFC /* InfoPlist.strings */,
				22C3761E193E0B78006A4AFC /* main.m */,
				22C37620193E0B78006A4AFC /* SpaceGame-Prefix.pch */,
			);
			name = "Supporting Files";
			sourceTree = "<group>";
		};
		22C3763F193E0B79006A4AFC /* SpaceGameTests */ = {
			isa = PBXGroup;
			children = (
				22C37645193E0B79006A4AFC /* SpaceGameTests.m */,
				22C37640193E0B79006A4AFC /* Supporting Files */,
			);
			path = SpaceGameTests;
			sourceTree = "<group>";
		};
		22C37640193E0B79006A4AFC /* Supporting Files */ = {
			isa = PBXGroup;
			children = (
				22C37641193E0B79006A4AFC /* SpaceGameTests-Info.plist */,
				22C37642193E0B79006A4AFC /* InfoPlist.strings */,
			);
			name = "Supporting Files";
			sourceTree = "<group>";
		};
/* End PBXGroup section */

/* Begin PBXNativeTarget section */
		22C3760C193E0B78006A4AFC /* SpaceGame */ = {
			isa = PBXNativeTarget;
			buildConfigurationList = 22C37649193E0B79006A4AFC /* Build configuration list for PBXNativeTarget "SpaceGame" */;
			buildPhases = (
				22C37609193E0B78006A4AFC /* Sources */,
				22C3760A193E0B78006A4AFC /* Frameworks */,
				22C3760B193E0B78006A4AFC /* Resources */,
			);
			buildRules = (
			);
			dependencies = (
			);
			name = SpaceGame;
			productName = SpaceGame;
			productReference = 22C3760D193E0B78006A4AFC /* SpaceGame.app */;
			productType = "com.apple.product-type.application";
		};
		22C37637193E0B79006A4AFC /* SpaceGameTests */ = {
			isa = PBXNativeTarget;
			buildConfigurationList = 22C3764C193E0B79006A4AFC /* Build configuration list for PBXNativeTarget "SpaceGameTests" */;
			buildPhases = (
				22C37634193E0B79006A4AFC /* Sources */,
				22C37635193E0B79006A4AFC /* Frameworks */,
				22C37636193E0B79006A4AFC /* Resources */,
			);
			buildRules = (
			);
			dependencies = (
				22C3763E193E0B79006A4AFC /* PBXTargetDependency */,
			);
			name = SpaceGameTests;
			productName = SpaceGameTests;
			productReference = 22C37638193E0B79006A4AFC /* SpaceGameTests.xctest */;
			productType = "com.apple.product-type.bundle.unit-test";
		};
/* End PBXNativeTarget section */

/* Begin PBXProject section */
		22C37605193E0B78006A4AFC /* Project object */ = {
			isa = PBXProject;
			attributes = {
				LastUpgradeCheck = 0510;
				ORGANIZATIONNAME = KAjohansen;
				TargetAttributes = {
					22C37637193E0B79006A4AFC = {
						TestTargetID = 22C3760C193E0B78006A4AFC;
					};
				};
			};
			buildConfigurationList = 22C37608193E0B78006A4AFC /* Build configuration list for PBXProject "SpaceGame" */;
			compatibilityVersion = "Xcode 3.2";
			developmentRegion = English;
			hasScannedForEncodings = 0;
			knownRegions = (
				en,
				Base,
			);
			mainGroup = 22C37604193E0B78006A4AFC;
			productRefGroup = 22C3760E193E0B78006A4AFC /* Products */;
			projectDirPath = "";
			projectRoot = "";
			targets = (
				22C3760C193E0B78006A4AFC /* SpaceGame */,
				22C37637193E0B79006A4AFC /* SpaceGameTests */,
			);
		};
/* End PBXProject section */

/* Begin PBXResourcesBuildPhase section */
		22C3760B193E0B78006A4AFC /* Resources */ = {
			isa = PBXResourcesBuildPhase;
			buildActionMask = 2147483647;
			files = (
				22C37631193E0B79006A4AFC /* Spaceship.png in Resources */,
				22C37633193E0B79006A4AFC /* Images.xcassets in Resources */,
				22C37629193E0B79006A4AFC /* Main_iPad.storyboard in Resources */,
				22C37626193E0B78006A4AFC /* Main_iPhone.storyboard in Resources */,
				22C3761D193E0B78006A4AFC /* InfoPlist.strings in Resources */,
			);
			runOnlyForDeploymentPostprocessing = 0;
		};
		22C37636193E0B79006A4AFC /* Resources */ = {
			isa = PBXResourcesBuildPhase;
			buildActionMask = 2147483647;
			files = (
				22C37644193E0B79006A4AFC /* InfoPlist.strings in Resources */,
			);
			runOnlyForDeploymentPostprocessing = 0;
		};
/* End PBXResourcesBuildPhase section */

/* Begin PBXSourcesBuildPhase section */
		22C37609193E0B78006A4AFC /* Sources */ = {
			isa = PBXSourcesBuildPhase;
			buildActionMask = 2147483647;
			files = (
				22C3762F193E0B79006A4AFC /* MyScene.m in Sources */,
				22C3762C193E0B79006A4AFC /* ViewController.m in Sources */,
				22C37623193E0B78006A4AFC /* AppDelegate.m in Sources */,
				22C3761F193E0B78006A4AFC /* main.m in Sources */,
			);
			runOnlyForDeploymentPostprocessing = 0;
		};
		22C37634193E0B79006A4AFC /* Sources */ = {
			isa = PBXSourcesBuildPhase;
			buildActionMask = 2147483647;
			files = (
				22C37646193E0B79006A4AFC /* SpaceGameTests.m in Sources */,
			);
			runOnlyForDeploymentPostprocessing = 0;
		};
/* End PBXSourcesBuildPhase section */

/* Begin PBXTargetDependency section */
		22C3763E193E0B79006A4AFC /* PBXTargetDependency */ = {
			isa = PBXTargetDependency;
			target = 22C3760C193E0B78006A4AFC /* SpaceGame */;
			targetProxy = 22C3763D193E0B79006A4AFC /* PBXContainerItemProxy */;
		};
/* End PBXTargetDependency section */

/* Begin PBXVariantGroup section */
		22C3761B193E0B78006A4AFC /* InfoPlist.strings */ = {
			isa = PBXVariantGroup;
			children = (
				22C3761C193E0B78006A4AFC /* en */,
			);
			name = InfoPlist.strings;
			sourceTree = "<group>";
		};
		22C37624193E0B78006A4AFC /* Main_iPhone.storyboard */ = {
			isa = PBXVariantGroup;
			children = (
				22C37625193E0B78006A4AFC /* Base */,
			);
			name = Main_iPhone.storyboard;
			sourceTree = "<group>";
		};
		22C37627193E0B79006A4AFC /* Main_iPad.storyboard */ = {
			isa = PBXVariantGroup;
			children = (
				22C37628193E0B79006A4AFC /* Base */,
			);
			name = Main_iPad.storyboard;
			sourceTree = "<group>";
		};
		22C37642193E0B79006A4AFC /* InfoPlist.strings */ = {
			isa = PBXVariantGroup;
			children = (
				22C37643193E0B79006A4AFC /* en */,
			);
			name = InfoPlist.strings;
			sourceTree = "<group>";
		};
/* End PBXVariantGroup section */

/* Begin XCBuildConfiguration section */
		22C37647193E0B79006A4AFC /* Debug */ = {
			isa = XCBuildConfiguration;
			buildSettings = {
				ALWAYS_SEARCH_USER_PATHS = NO;
				CLANG_CXX_LANGUAGE_STANDARD = "gnu++0x";
				CLANG_CXX_LIBRARY = "libc++";
				CLANG_ENABLE_MODULES = YES;
				CLANG_ENABLE_OBJC_ARC = YES;
				CLANG_WARN_BOOL_CONVERSION = YES;
				CLANG_WARN_CONSTANT_CONVERSION = YES;
				CLANG_WARN_DIRECT_OBJC_ISA_USAGE = YES_ERROR;
				CLANG_WARN_EMPTY_BODY = YES;
				CLANG_WARN_ENUM_CONVERSION = YES;
				CLANG_WARN_INT_CONVERSION = YES;
				CLANG_WARN_OBJC_ROOT_CLASS = YES_ERROR;
				CLANG_WARN__DUPLICATE_METHOD_MATCH = YES;
				"CODE_SIGN_IDENTITY[sdk=iphoneos*]" = "iPhone Developer";
				COPY_PHASE_STRIP = NO;
				GCC_C_LANGUAGE_STANDARD = gnu99;
				GCC_DYNAMIC_NO_PIC = NO;
				GCC_OPTIMIZATION_LEVEL = 0;
				GCC_PREPROCESSOR_DEFINITIONS = (
					"DEBUG=1",
					"$(inherited)",
				);
				GCC_SYMBOLS_PRIVATE_EXTERN = NO;
				GCC_WARN_64_TO_32_BIT_CONVERSION = YES;
				GCC_WARN_ABOUT_RETURN_TYPE = YES_ERROR;
				GCC_WARN_UNDECLARED_SELECTOR = YES;
				GCC_WARN_UNINITIALIZED_AUTOS = YES_AGGRESSIVE;
				GCC_WARN_UNUSED_FUNCTION = YES;
				GCC_WARN_UNUSED_VARIABLE = YES;
				IPHONEOS_DEPLOYMENT_TARGET = 7.1;
				ONLY_ACTIVE_ARCH = YES;
				SDKROOT = iphoneos;
				TARGETED_DEVICE_FAMILY = "1,2";
			};
			name = Debug;
		};
		22C37648193E0B79006A4AFC /* Release */ = {
			isa = XCBuildConfiguration;
			buildSettings = {
				ALWAYS_SEARCH_USER_PATHS = NO;
				CLANG_CXX_LANGUAGE_STANDARD = "gnu++0x";
				CLANG_CXX_LIBRARY = "libc++";
				CLANG_ENABLE_MODULES = YES;
				CLANG_ENABLE_OBJC_ARC = YES;
				CLANG_WARN_BOOL_CONVERSION = YES;
				CLANG_WARN_CONSTANT_CONVERSION = YES;
				CLANG_WARN_DIRECT_OBJC_ISA_USAGE = YES_ERROR;
				CLANG_WARN_EMPTY_BODY = YES;
				CLANG_WARN_ENUM_CONVERSION = YES;
				CLANG_WARN_INT_CONVERSION = YES;
				CLANG_WARN_OBJC_ROOT_CLASS = YES_ERROR;
				CLANG_WARN__DUPLICATE_METHOD_MATCH = YES;
				"CODE_SIGN_IDENTITY[sdk=iphoneos*]" = "iPhone Developer";
				COPY_PHASE_STRIP = YES;
				ENABLE_NS_ASSERTIONS = NO;
				GCC_C_LANGUAGE_STANDARD = gnu99;
				GCC_WARN_64_TO_32_BIT_CONVERSION = YES;
				GCC_WARN_ABOUT_RETURN_TYPE = YES_ERROR;
				GCC_WARN_UNDECLARED_SELECTOR = YES;
				GCC_WARN_UNINITIALIZED_AUTOS = YES_AGGRESSIVE;
				GCC_WARN_UNUSED_FUNCTION = YES;
				GCC_WARN_UNUSED_VARIABLE = YES;
				IPHONEOS_DEPLOYMENT_TARGET = 7.1;
				SDKROOT = iphoneos;
				TARGETED_DEVICE_FAMILY = "1,2";
				VALIDATE_PRODUCT = YES;
			};
			name = Release;
		};
		22C3764A193E0B79006A4AFC /* Debug */ = {
			isa = XCBuildConfiguration;
			buildSettings = {
				ASSETCATALOG_COMPILER_APPICON_NAME = AppIcon;
				ASSETCATALOG_COMPILER_LAUNCHIMAGE_NAME = LaunchImage;
				GCC_PRECOMPILE_PREFIX_HEADER = YES;
				GCC_PREFIX_HEADER = "SpaceGame/SpaceGame-Prefix.pch";
				INFOPLIST_FILE = "SpaceGame/SpaceGame-Info.plist";
				PRODUCT_NAME = "$(TARGET_NAME)";
				SPRITEKIT_TEXTURE_ATLAS_OUTPUT = YES;
				WRAPPER_EXTENSION = app;
			};
			name = Debug;
		};
		22C3764B193E0B79006A4AFC /* Release */ = {
			isa = XCBuildConfiguration;
			buildSettings = {
				ASSETCATALOG_COMPILER_APPICON_NAME = AppIcon;
				ASSETCATALOG_COMPILER_LAUNCHIMAGE_NAME = LaunchImage;
				GCC_PRECOMPILE_PREFIX_HEADER = YES;
				GCC_PREFIX_HEADER = "SpaceGame/SpaceGame-Prefix.pch";
				INFOPLIST_FILE = "SpaceGame/SpaceGame-Info.plist";
				PRODUCT_NAME = "$(TARGET_NAME)";
				SPRITEKIT_TEXTURE_ATLAS_OUTPUT = YES;
				WRAPPER_EXTENSION = app;
			};
			name = Release;
		};
		22C3764D193E0B79006A4AFC /* Debug */ = {
			isa = XCBuildConfiguration;
			buildSettings = {
				BUNDLE_LOADER = "$(BUILT_PRODUCTS_DIR)/SpaceGame.app/SpaceGame";
				FRAMEWORK_SEARCH_PATHS = (
					"$(SDKROOT)/Developer/Library/Frameworks",
					"$(inherited)",
					"$(DEVELOPER_FRAMEWORKS_DIR)",
				);
				GCC_PRECOMPILE_PREFIX_HEADER = YES;
				GCC_PREFIX_HEADER = "SpaceGame/SpaceGame-Prefix.pch";
				GCC_PREPROCESSOR_DEFINITIONS = (
					"DEBUG=1",
					"$(inherited)",
				);
				INFOPLIST_FILE = "SpaceGameTests/SpaceGameTests-Info.plist";
				PRODUCT_NAME = "$(TARGET_NAME)";
				TEST_HOST = "$(BUNDLE_LOADER)";
				WRAPPER_EXTENSION = xctest;
			};
			name = Debug;
		};
		22C3764E193E0B79006A4AFC /* Release */ = {
			isa = XCBuildConfiguration;
			buildSettings = {
				BUNDLE_LOADER = "$(BUILT_PRODUCTS_DIR)/SpaceGame.app/SpaceGame";
				FRAMEWORK_SEARCH_PATHS = (
					"$(SDKROOT)/Developer/Library/Frameworks",
					"$(inherited)",
					"$(DEVELOPER_FRAMEWORKS_DIR)",
				);
				GCC_PRECOMPILE_PREFIX_HEADER = YES;
				GCC_PREFIX_HEADER = "SpaceGame/SpaceGame-Prefix.pch";
				INFOPLIST_FILE = "SpaceGameTests/SpaceGameTests-Info.plist";
				PRODUCT_NAME = "$(TARGET_NAME)";
				TEST_HOST = "$(BUNDLE_LOADER)";
				WRAPPER_EXTENSION = xctest;
			};
			name = Release;
		};
/* End XCBuildConfiguration section */

/* Begin XCConfigurationList section */
		22C37608193E0B78006A4AFC /* Build configuration list for PBXProject "SpaceGame" */ = {
			isa = XCConfigurationList;
			buildConfigurations = (
				22C37647193E0B79006A4AFC /* Debug */,
				22C37648193E0B79006A4AFC /* Release */,
			);
			defaultConfigurationIsVisible = 0;
			defaultConfigurationName = Release;
		};
		22C37649193E0B79006A4AFC /* Build configuration list for PBXNativeTarget "SpaceGame" */ = {
			isa = XCConfigurationList;
			buildConfigurations = (
				22C3764A193E0B79006A4AFC /* Debug */,
				22C3764B193E0B79006A4AFC /* Release */,
			);
			defaultConfigurationIsVisible = 0;
		};
		22C3764C193E0B79006A4AFC /* Build configuration list for PBXNativeTarget "SpaceGameTests" */ = {
			isa = XCConfigurationList;
			buildConfigurations = (
				22C3764D193E0B79006A4AFC /* Debug */,
				22C3764E193E0B79006A4AFC /* Release */,
			);
			defaultConfigurationIsVisible = 0;
		};
/* End XCConfigurationList section */
	};
	rootObject = 22C37605193E0B78006A4AFC /* Project object */;
}
